
Microsoft Visual Studio Solution File, Format Version 12.00
# Visual Studio Version 17
VisualStudioVersion = 17.0.31903.59
MinimumVisualStudioVersion = 10.0.40219.1
Project("{2150E333-8FDC-42A3-9474-1A3956D46DE8}") = "src", "src", "{09AFC2D8-BEAC-4FD3-8455-CB53B19E92D7}"
EndProject
Project("{9A19103F-16F7-4668-BE54-9A1E7A4F7556}") = "InvestmentPortfolio.Domain", "src\InvestmentPortfolio.Domain\InvestmentPortfolio.Domain.csproj", "{A790283A-2E51-4779-8C2B-850B3BC64340}"
EndProject
Project("{9A19103F-16F7-4668-BE54-9A1E7A4F7556}") = "InvestmentPortfolio.Infraestructure", "src\InvestmentPortfolio.Infraestructure\InvestmentPortfolio.Infraestructure.csproj", "{71A92900-B256-4FF5-ACCB-DC04A9849A08}"
EndProject
Project("{9A19103F-16F7-4668-BE54-9A1E7A4F7556}") = "InvestmentPortfolio.Application", "src\InvestmentPortfolio.Application\InvestmentPortfolio.Application.csproj", "{751F746A-5122-4832-B2DB-E8EC083A327C}"
EndProject
Project("{9A19103F-16F7-4668-BE54-9A1E7A4F7556}") = "InvestmentPortfolio.Api", "src\InvestmentPortfolio.Api\InvestmentPortfolio.Api.csproj", "{FABA8339-007F-4071-86A5-512A654B668C}"
EndProject
Project("{2150E333-8FDC-42A3-9474-1A3956D46DE8}") = "Tests", "Tests", "{9830C536-4570-48F5-93FF-22776E406A39}"
EndProject
Project("{9A19103F-16F7-4668-BE54-9A1E7A4F7556}") = "InvestmentPortfolio.IoC", "src\InvestmentPortfolio.IoC\InvestmentPortfolio.IoC.csproj", "{95DE66F4-45AC-420D-8671-B189F43E0146}"
EndProject
Project("{9A19103F-16F7-4668-BE54-9A1E7A4F7556}") = "InvestmentPortfolio.Tests", "InvestmentPortfolio.Tests\InvestmentPortfolio.Tests.csproj", "{C59E643C-1C63-4AF9-A6FB-FAF36D589408}"
EndProject
Project("{9A19103F-16F7-4668-BE54-9A1E7A4F7556}") = "InvenstmentPortfolio.WebAng", "src\InvestmentPortfolio.WebAng\InvenstmentPortfolio.WebAng.csproj", "{6AD65C5B-EE99-4D7C-99D3-7D6C96D40E66}"
EndProject
Global
	GlobalSection(SolutionConfigurationPlatforms) = preSolution
		Debug|Any CPU = Debug|Any CPU
		Release|Any CPU = Release|Any CPU
	EndGlobalSection
	GlobalSection(ProjectConfigurationPlatforms) = postSolution
		{A790283A-2E51-4779-8C2B-850B3BC64340}.Debug|Any CPU.ActiveCfg = Debug|Any CPU
		{A790283A-2E51-4779-8C2B-850B3BC64340}.Debug|Any CPU.Build.0 = Debug|Any CPU
		{A790283A-2E51-4779-8C2B-850B3BC64340}.Release|Any CPU.ActiveCfg = Release|Any CPU
		{A790283A-2E51-4779-8C2B-850B3BC64340}.Release|Any CPU.Build.0 = Release|Any CPU
		{71A92900-B256-4FF5-ACCB-DC04A9849A08}.Debug|Any CPU.ActiveCfg = Debug|Any CPU
		{71A92900-B256-4FF5-ACCB-DC04A9849A08}.Debug|Any CPU.Build.0 = Debug|Any CPU
		{71A92900-B256-4FF5-ACCB-DC04A9849A08}.Release|Any CPU.ActiveCfg = Release|Any CPU
		{71A92900-B256-4FF5-ACCB-DC04A9849A08}.Release|Any CPU.Build.0 = Release|Any CPU
		{751F746A-5122-4832-B2DB-E8EC083A327C}.Debug|Any CPU.ActiveCfg = Debug|Any CPU
		{751F746A-5122-4832-B2DB-E8EC083A327C}.Debug|Any CPU.Build.0 = Debug|Any CPU
		{751F746A-5122-4832-B2DB-E8EC083A327C}.Release|Any CPU.ActiveCfg = Release|Any CPU
		{751F746A-5122-4832-B2DB-E8EC083A327C}.Release|Any CPU.Build.0 = Release|Any CPU
		{FABA8339-007F-4071-86A5-512A654B668C}.Debug|Any CPU.ActiveCfg = Debug|Any CPU
		{FABA8339-007F-4071-86A5-512A654B668C}.Debug|Any CPU.Build.0 = Debug|Any CPU
		{FABA8339-007F-4071-86A5-512A654B668C}.Release|Any CPU.ActiveCfg = Release|Any CPU
		{FABA8339-007F-4071-86A5-512A654B668C}.Release|Any CPU.Build.0 = Release|Any CPU
		{95DE66F4-45AC-420D-8671-B189F43E0146}.Debug|Any CPU.ActiveCfg = Debug|Any CPU
		{95DE66F4-45AC-420D-8671-B189F43E0146}.Debug|Any CPU.Build.0 = Debug|Any CPU
		{95DE66F4-45AC-420D-8671-B189F43E0146}.Release|Any CPU.ActiveCfg = Release|Any CPU
		{95DE66F4-45AC-420D-8671-B189F43E0146}.Release|Any CPU.Build.0 = Release|Any CPU
		{C59E643C-1C63-4AF9-A6FB-FAF36D589408}.Debug|Any CPU.ActiveCfg = Debug|Any CPU
		{C59E643C-1C63-4AF9-A6FB-FAF36D589408}.Debug|Any CPU.Build.0 = Debug|Any CPU
		{C59E643C-1C63-4AF9-A6FB-FAF36D589408}.Release|Any CPU.ActiveCfg = Release|Any CPU
		{C59E643C-1C63-4AF9-A6FB-FAF36D589408}.Release|Any CPU.Build.0 = Release|Any CPU
		{6AD65C5B-EE99-4D7C-99D3-7D6C96D40E66}.Debug|Any CPU.ActiveCfg = Debug|Any CPU
		{6AD65C5B-EE99-4D7C-99D3-7D6C96D40E66}.Debug|Any CPU.Build.0 = Debug|Any CPU
		{6AD65C5B-EE99-4D7C-99D3-7D6C96D40E66}.Release|Any CPU.ActiveCfg = Release|Any CPU
		{6AD65C5B-EE99-4D7C-99D3-7D6C96D40E66}.Release|Any CPU.Build.0 = Release|Any CPU
	EndGlobalSection
	GlobalSection(SolutionProperties) = preSolution
		HideSolutionNode = FALSE
	EndGlobalSection
	GlobalSection(NestedProjects) = preSolution
		{A790283A-2E51-4779-8C2B-850B3BC64340} = {09AFC2D8-BEAC-4FD3-8455-CB53B19E92D7}
		{71A92900-B256-4FF5-ACCB-DC04A9849A08} = {09AFC2D8-BEAC-4FD3-8455-CB53B19E92D7}
		{751F746A-5122-4832-B2DB-E8EC083A327C} = {09AFC2D8-BEAC-4FD3-8455-CB53B19E92D7}
		{FABA8339-007F-4071-86A5-512A654B668C} = {09AFC2D8-BEAC-4FD3-8455-CB53B19E92D7}
		{95DE66F4-45AC-420D-8671-B189F43E0146} = {09AFC2D8-BEAC-4FD3-8455-CB53B19E92D7}
		{C59E643C-1C63-4AF9-A6FB-FAF36D589408} = {9830C536-4570-48F5-93FF-22776E406A39}
		{6AD65C5B-EE99-4D7C-99D3-7D6C96D40E66} = {09AFC2D8-BEAC-4FD3-8455-CB53B19E92D7}
	EndGlobalSection
	GlobalSection(ExtensibilityGlobals) = postSolution
		SolutionGuid = {3C61E6EF-3331-4082-A190-D2FFF223ED6C}
	EndGlobalSection
EndGlobal
